// !$*UTF8*$!
{
	archiveVersion = 1;
	classes = {
	};
	objectVersion = 48;
	objects = {

/* Begin PBXBuildFile section */
		2CC4E58505059283F2553C2C /* Pods_GrabItOrItsGoneTests.framework in Frameworks */ = {isa = PBXBuildFile; fileRef = 77078DE18944AEEBCDCBB2A5 /* Pods_GrabItOrItsGoneTests.framework */; };
		6739BF7A82D0592EEF004F16 /* Pods_GrabItOrItsGoneUITests.framework in Frameworks */ = {isa = PBXBuildFile; fileRef = 72D611C5C58697CA1FEC5C3B /* Pods_GrabItOrItsGoneUITests.framework */; };
		9281BF0A3991895CCF2834BE /* Pods_GrabItOrItsGone.framework in Frameworks */ = {isa = PBXBuildFile; fileRef = D15A09F65E756D61A098E205 /* Pods_GrabItOrItsGone.framework */; };
		CF034FEC1F08DB0B00D8F03D /* IActivityAnimationDelegate.swift in Sources */ = {isa = PBXBuildFile; fileRef = CF034FEB1F08DB0B00D8F03D /* IActivityAnimationDelegate.swift */; };
		CF034FF81F08FF8000D8F03D /* IValidateable.swift in Sources */ = {isa = PBXBuildFile; fileRef = CF034FF71F08FF8000D8F03D /* IValidateable.swift */; };
		CF3D622A1EFD4B4F0051706A /* AppDelegate.swift in Sources */ = {isa = PBXBuildFile; fileRef = CF3D62291EFD4B4F0051706A /* AppDelegate.swift */; };
		CF3D622C1EFD4B4F0051706A /* LogInSignUpController.swift in Sources */ = {isa = PBXBuildFile; fileRef = CF3D622B1EFD4B4F0051706A /* LogInSignUpController.swift */; };
		CF3D622F1EFD4B4F0051706A /* Main.storyboard in Resources */ = {isa = PBXBuildFile; fileRef = CF3D622D1EFD4B4F0051706A /* Main.storyboard */; };
		CF3D62311EFD4B4F0051706A /* Assets.xcassets in Resources */ = {isa = PBXBuildFile; fileRef = CF3D62301EFD4B4F0051706A /* Assets.xcassets */; };
		CF3D62341EFD4B4F0051706A /* LaunchScreen.storyboard in Resources */ = {isa = PBXBuildFile; fileRef = CF3D62321EFD4B4F0051706A /* LaunchScreen.storyboard */; };
		CF3D62631EFD4EBC0051706A /* NotificatioName_extension.swift in Sources */ = {isa = PBXBuildFile; fileRef = CF3D62621EFD4EBC0051706A /* NotificatioName_extension.swift */; };
		CF3D62661EFD501B0051706A /* UIViewAnimationExtension.swift in Sources */ = {isa = PBXBuildFile; fileRef = CF3D62651EFD501B0051706A /* UIViewAnimationExtension.swift */; };
		CF3D626F1EFD655C0051706A /* Localizable.strings in Resources */ = {isa = PBXBuildFile; fileRef = CF3D62721EFD655C0051706A /* Localizable.strings */; };
		CF3D62761EFD672B0051706A /* SonsieOne-Regular.ttf in Resources */ = {isa = PBXBuildFile; fileRef = CF3D62751EFD672B0051706A /* SonsieOne-Regular.ttf */; };
		CF3D62791EFD67680051706A /* OpenSans-Regular.ttf in Resources */ = {isa = PBXBuildFile; fileRef = CF3D62781EFD67680051706A /* OpenSans-Regular.ttf */; };
		CF3D627C1EFD72540051706A /* Lobster-Regular.ttf in Resources */ = {isa = PBXBuildFile; fileRef = CF3D627B1EFD72540051706A /* Lobster-Regular.ttf */; };
		CF3D627F1EFD72C30051706A /* MarckScript-Regular.ttf in Resources */ = {isa = PBXBuildFile; fileRef = CF3D627E1EFD72C30051706A /* MarckScript-Regular.ttf */; };
		CF3D62841EFD77050051706A /* LocalizationStringsUIView_extension.swift in Sources */ = {isa = PBXBuildFile; fileRef = CF3D62831EFD77050051706A /* LocalizationStringsUIView_extension.swift */; };
		CF3E97031F01698F001C1C9B /* ProductCards.swift in Sources */ = {isa = PBXBuildFile; fileRef = CF3E97021F01698F001C1C9B /* ProductCards.swift */; };
		CF4766AB1F1002D70045F22B /* NewsController.swift in Sources */ = {isa = PBXBuildFile; fileRef = CF4766AA1F1002D70045F22B /* NewsController.swift */; };
		CF4766AD1F1002FA0045F22B /* NewsControllerTests.swift in Sources */ = {isa = PBXBuildFile; fileRef = CF4766AC1F1002FA0045F22B /* NewsControllerTests.swift */; };
		CF477BA71F0FEEEA00DA1EE1 /* LocalisationStringsTests.swift in Sources */ = {isa = PBXBuildFile; fileRef = CF477BA61F0FEEEA00DA1EE1 /* LocalisationStringsTests.swift */; };
		CF477BA81F0FEF6400DA1EE1 /* NotificatioName_extension.swift in Sources */ = {isa = PBXBuildFile; fileRef = CF3D62621EFD4EBC0051706A /* NotificatioName_extension.swift */; };
		CF477BA91F0FEF6400DA1EE1 /* UIViewAnimationExtension.swift in Sources */ = {isa = PBXBuildFile; fileRef = CF3D62651EFD501B0051706A /* UIViewAnimationExtension.swift */; };
		CF477BAA1F0FEF6400DA1EE1 /* DesignableTextfield.swift in Sources */ = {isa = PBXBuildFile; fileRef = CF4B64751EFE4CD400C2FBD3 /* DesignableTextfield.swift */; };
		CF477BAB1F0FEF6400DA1EE1 /* DesingableUIView.swift in Sources */ = {isa = PBXBuildFile; fileRef = CF4B64781EFE4CE800C2FBD3 /* DesingableUIView.swift */; };
		CF477BAC1F0FEF6400DA1EE1 /* DesignableUIEffectView.swift in Sources */ = {isa = PBXBuildFile; fileRef = CF4B647B1EFE523F00C2FBD3 /* DesignableUIEffectView.swift */; };
		CF477BAD1F0FEF6400DA1EE1 /* DesignableButton.swift in Sources */ = {isa = PBXBuildFile; fileRef = CF4B647E1EFE60B800C2FBD3 /* DesignableButton.swift */; };
		CF477BAE1F0FEF6400DA1EE1 /* UIStyleHelper.swift in Sources */ = {isa = PBXBuildFile; fileRef = CFCBC3CC1EFFDBC4003B2E60 /* UIStyleHelper.swift */; };
		CF477BAF1F0FEF6400DA1EE1 /* LocalizedStringExtension.swift in Sources */ = {isa = PBXBuildFile; fileRef = CFB0D3861F0ABA51000706E7 /* LocalizedStringExtension.swift */; };
		CF477BB01F0FEF6900DA1EE1 /* IAuthenticable.swift in Sources */ = {isa = PBXBuildFile; fileRef = CFB2328F1F07C2D700346879 /* IAuthenticable.swift */; };
		CF477BB11F0FEF6900DA1EE1 /* IActivityAnimationDelegate.swift in Sources */ = {isa = PBXBuildFile; fileRef = CF034FEB1F08DB0B00D8F03D /* IActivityAnimationDelegate.swift */; };
		CF477BB21F0FEF6900DA1EE1 /* IAlertMessage.swift in Sources */ = {isa = PBXBuildFile; fileRef = CFB2329F1F07D4F900346879 /* IAlertMessage.swift */; };
		CF477BB31F0FEF6900DA1EE1 /* IAlertMessageDelegate.swift in Sources */ = {isa = PBXBuildFile; fileRef = CFB0D37E1F0AA708000706E7 /* IAlertMessageDelegate.swift */; };
		CF477BB41F0FEF6900DA1EE1 /* IValidateable.swift in Sources */ = {isa = PBXBuildFile; fileRef = CF034FF71F08FF8000D8F03D /* IValidateable.swift */; };
		CF477BB61F0FF05600DA1EE1 /* YourAccountControllerTests.swift in Sources */ = {isa = PBXBuildFile; fileRef = CF477BB51F0FF05600DA1EE1 /* YourAccountControllerTests.swift */; };
		CF477BB81F0FF08800DA1EE1 /* LogInSignUpControllerTests.swift in Sources */ = {isa = PBXBuildFile; fileRef = CF477BB71F0FF08800DA1EE1 /* LogInSignUpControllerTests.swift */; };
		CF477BBA1F0FF0C300DA1EE1 /* MainControllerTests.swift in Sources */ = {isa = PBXBuildFile; fileRef = CF477BB91F0FF0C300DA1EE1 /* MainControllerTests.swift */; };
		CF477BC21F0FF14800DA1EE1 /* GrabItOrItsGoneUITests.swift in Sources */ = {isa = PBXBuildFile; fileRef = CF477BC11F0FF14800DA1EE1 /* GrabItOrItsGoneUITests.swift */; };
		CF4B64761EFE4CD400C2FBD3 /* DesignableTextfield.swift in Sources */ = {isa = PBXBuildFile; fileRef = CF4B64751EFE4CD400C2FBD3 /* DesignableTextfield.swift */; };
		CF4B64791EFE4CE800C2FBD3 /* DesingableUIView.swift in Sources */ = {isa = PBXBuildFile; fileRef = CF4B64781EFE4CE800C2FBD3 /* DesingableUIView.swift */; };
		CF4B647C1EFE523F00C2FBD3 /* DesignableUIEffectView.swift in Sources */ = {isa = PBXBuildFile; fileRef = CF4B647B1EFE523F00C2FBD3 /* DesignableUIEffectView.swift */; };
		CF4B647F1EFE60B800C2FBD3 /* DesignableButton.swift in Sources */ = {isa = PBXBuildFile; fileRef = CF4B647E1EFE60B800C2FBD3 /* DesignableButton.swift */; };
		CF6C79251F0FB9E200A681F4 /* GoogleService-Info.plist in Resources */ = {isa = PBXBuildFile; fileRef = CF6C79241F0FB9E200A681F4 /* GoogleService-Info.plist */; };
		CFAE1D081F122F4F00165E9D /* Default-568h@2x.png in Resources */ = {isa = PBXBuildFile; fileRef = CFAE1D071F122F4F00165E9D /* Default-568h@2x.png */; };
		CFAE1D0B1F1268EA00165E9D /* Model.xcdatamodeld in Sources */ = {isa = PBXBuildFile; fileRef = CFAE1D091F1268EA00165E9D /* Model.xcdatamodeld */; };
		CFAE1D4A1F126C0300165E9D /* News.swift in Sources */ = {isa = PBXBuildFile; fileRef = CFAE1D491F126C0300165E9D /* News.swift */; };
		CFAE1D4F1F127C1100165E9D /* Adress.swift in Sources */ = {isa = PBXBuildFile; fileRef = CFAE1D4E1F127C1100165E9D /* Adress.swift */; };
		CFAE1D501F127C1100165E9D /* Adress.swift in Sources */ = {isa = PBXBuildFile; fileRef = CFAE1D4E1F127C1100165E9D /* Adress.swift */; };
		CFAE1D521F12804700165E9D /* PasswordValidationTests.swift in Sources */ = {isa = PBXBuildFile; fileRef = CFAE1D511F12804700165E9D /* PasswordValidationTests.swift */; };
		CFB0D37F1F0AA708000706E7 /* IAlertMessageDelegate.swift in Sources */ = {isa = PBXBuildFile; fileRef = CFB0D37E1F0AA708000706E7 /* IAlertMessageDelegate.swift */; };
		CFB0D3871F0ABA51000706E7 /* LocalizedStringExtension.swift in Sources */ = {isa = PBXBuildFile; fileRef = CFB0D3861F0ABA51000706E7 /* LocalizedStringExtension.swift */; };
		CFB2328D1F07C28D00346879 /* GrabItFacade.swift in Sources */ = {isa = PBXBuildFile; fileRef = CFB2328C1F07C28D00346879 /* GrabItFacade.swift */; };
		CFB232901F07C2D700346879 /* IAuthenticable.swift in Sources */ = {isa = PBXBuildFile; fileRef = CFB2328F1F07C2D700346879 /* IAuthenticable.swift */; };
		CFB232941F07C41E00346879 /* FirebaseClient.swift in Sources */ = {isa = PBXBuildFile; fileRef = CFB232931F07C41E00346879 /* FirebaseClient.swift */; };
		CFB232A01F07D4F900346879 /* IAlertMessage.swift in Sources */ = {isa = PBXBuildFile; fileRef = CFB2329F1F07D4F900346879 /* IAlertMessage.swift */; };
		CFB232AB1F0804B300346879 /* EmailValidationService.swift in Sources */ = {isa = PBXBuildFile; fileRef = CFB232AA1F0804B300346879 /* EmailValidationService.swift */; };
		CFB232B11F080B8900346879 /* PasswordValidationService.swift in Sources */ = {isa = PBXBuildFile; fileRef = CFB232B01F080B8900346879 /* PasswordValidationService.swift */; };
		CFB9D59C1F0E99CF0049777D /* YourAccountController.swift in Sources */ = {isa = PBXBuildFile; fileRef = CFB9D59B1F0E99CF0049777D /* YourAccountController.swift */; };
		CFCBC3CD1EFFDBC4003B2E60 /* UIStyleHelper.swift in Sources */ = {isa = PBXBuildFile; fileRef = CFCBC3CC1EFFDBC4003B2E60 /* UIStyleHelper.swift */; };
		CFCBC3CF1EFFF8C7003B2E60 /* MainController.swift in Sources */ = {isa = PBXBuildFile; fileRef = CFCBC3CE1EFFF8C7003B2E60 /* MainController.swift */; };
		CFCBFE5F1F12C73E002F9E1C /* ManageAdressController.swift in Sources */ = {isa = PBXBuildFile; fileRef = CFCBFE5E1F12C73E002F9E1C /* ManageAdressController.swift */; };
		CFCBFE601F12C73E002F9E1C /* ManageAdressController.swift in Sources */ = {isa = PBXBuildFile; fileRef = CFCBFE5E1F12C73E002F9E1C /* ManageAdressController.swift */; };
		CFF173BA1F10DDB500BA4F9B /* IFirebaseDataDelegate.swift in Sources */ = {isa = PBXBuildFile; fileRef = CFF173B91F10DDB500BA4F9B /* IFirebaseDataDelegate.swift */; };
		CFF173BB1F10DDB500BA4F9B /* IFirebaseDataDelegate.swift in Sources */ = {isa = PBXBuildFile; fileRef = CFF173B91F10DDB500BA4F9B /* IFirebaseDataDelegate.swift */; };
		CFF173BE1F10EC0200BA4F9B /* NewsTableViewCell.swift in Sources */ = {isa = PBXBuildFile; fileRef = CFF173BD1F10EC0200BA4F9B /* NewsTableViewCell.swift */; };
		CFF173BF1F10EC0200BA4F9B /* NewsTableViewCell.swift in Sources */ = {isa = PBXBuildFile; fileRef = CFF173BD1F10EC0200BA4F9B /* NewsTableViewCell.swift */; };
/* End PBXBuildFile section */

/* Begin PBXContainerItemProxy section */
		CF477BA11F0FEE2F00DA1EE1 /* PBXContainerItemProxy */ = {
			isa = PBXContainerItemProxy;
			containerPortal = CF3D621E1EFD4B4F0051706A /* Project object */;
			proxyType = 1;
			remoteGlobalIDString = CF3D62251EFD4B4F0051706A;
			remoteInfo = GrabItOrItsGone;
		};
		CF477BC41F0FF14800DA1EE1 /* PBXContainerItemProxy */ = {
			isa = PBXContainerItemProxy;
			containerPortal = CF3D621E1EFD4B4F0051706A /* Project object */;
			proxyType = 1;
			remoteGlobalIDString = CF3D62251EFD4B4F0051706A;
			remoteInfo = GrabItOrItsGone;
		};
/* End PBXContainerItemProxy section */

/* Begin PBXFileReference section */
		3501B0D3785601D031341327 /* Pods-GrabItOrItsGone.release.xcconfig */ = {isa = PBXFileReference; includeInIndex = 1; lastKnownFileType = text.xcconfig; name = "Pods-GrabItOrItsGone.release.xcconfig"; path = "Pods/Target Support Files/Pods-GrabItOrItsGone/Pods-GrabItOrItsGone.release.xcconfig"; sourceTree = "<group>"; };
		3925CF7A7C6DF3FBF18B5AD6 /* Pods-GrabItOrItsGoneTests.debug.xcconfig */ = {isa = PBXFileReference; includeInIndex = 1; lastKnownFileType = text.xcconfig; name = "Pods-GrabItOrItsGoneTests.debug.xcconfig"; path = "Pods/Target Support Files/Pods-GrabItOrItsGoneTests/Pods-GrabItOrItsGoneTests.debug.xcconfig"; sourceTree = "<group>"; };
		6F96D20007165BC51E0B35DE /* Pods-GrabItOrItsGoneTests.release.xcconfig */ = {isa = PBXFileReference; includeInIndex = 1; lastKnownFileType = text.xcconfig; name = "Pods-GrabItOrItsGoneTests.release.xcconfig"; path = "Pods/Target Support Files/Pods-GrabItOrItsGoneTests/Pods-GrabItOrItsGoneTests.release.xcconfig"; sourceTree = "<group>"; };
		72D611C5C58697CA1FEC5C3B /* Pods_GrabItOrItsGoneUITests.framework */ = {isa = PBXFileReference; explicitFileType = wrapper.framework; includeInIndex = 0; path = Pods_GrabItOrItsGoneUITests.framework; sourceTree = BUILT_PRODUCTS_DIR; };
		77078DE18944AEEBCDCBB2A5 /* Pods_GrabItOrItsGoneTests.framework */ = {isa = PBXFileReference; explicitFileType = wrapper.framework; includeInIndex = 0; path = Pods_GrabItOrItsGoneTests.framework; sourceTree = BUILT_PRODUCTS_DIR; };
		8AFFFFBC28215CC47289D0F0 /* Pods-GrabItOrItsGone.debug.xcconfig */ = {isa = PBXFileReference; includeInIndex = 1; lastKnownFileType = text.xcconfig; name = "Pods-GrabItOrItsGone.debug.xcconfig"; path = "Pods/Target Support Files/Pods-GrabItOrItsGone/Pods-GrabItOrItsGone.debug.xcconfig"; sourceTree = "<group>"; };
		B7055A591F223F3A02D642D4 /* Pods-GrabItOrItsGoneUITests.release.xcconfig */ = {isa = PBXFileReference; includeInIndex = 1; lastKnownFileType = text.xcconfig; name = "Pods-GrabItOrItsGoneUITests.release.xcconfig"; path = "Pods/Target Support Files/Pods-GrabItOrItsGoneUITests/Pods-GrabItOrItsGoneUITests.release.xcconfig"; sourceTree = "<group>"; };
		BFEA617BF9440413FD9E2FBB /* Pods-GrabItOrItsGoneUITests.debug.xcconfig */ = {isa = PBXFileReference; includeInIndex = 1; lastKnownFileType = text.xcconfig; name = "Pods-GrabItOrItsGoneUITests.debug.xcconfig"; path = "Pods/Target Support Files/Pods-GrabItOrItsGoneUITests/Pods-GrabItOrItsGoneUITests.debug.xcconfig"; sourceTree = "<group>"; };
		CF034FEB1F08DB0B00D8F03D /* IActivityAnimationDelegate.swift */ = {isa = PBXFileReference; fileEncoding = 4; lastKnownFileType = sourcecode.swift; path = IActivityAnimationDelegate.swift; sourceTree = "<group>"; };
		CF034FF71F08FF8000D8F03D /* IValidateable.swift */ = {isa = PBXFileReference; fileEncoding = 4; lastKnownFileType = sourcecode.swift; path = IValidateable.swift; sourceTree = "<group>"; };
		CF3D62261EFD4B4F0051706A /* GrabItOrItsGone.app */ = {isa = PBXFileReference; explicitFileType = wrapper.application; includeInIndex = 0; path = GrabItOrItsGone.app; sourceTree = BUILT_PRODUCTS_DIR; };
		CF3D62291EFD4B4F0051706A /* AppDelegate.swift */ = {isa = PBXFileReference; lastKnownFileType = sourcecode.swift; path = AppDelegate.swift; sourceTree = "<group>"; };
		CF3D622B1EFD4B4F0051706A /* LogInSignUpController.swift */ = {isa = PBXFileReference; lastKnownFileType = sourcecode.swift; path = LogInSignUpController.swift; sourceTree = "<group>"; };
		CF3D622E1EFD4B4F0051706A /* Base */ = {isa = PBXFileReference; lastKnownFileType = file.storyboard; name = Base; path = Base.lproj/Main.storyboard; sourceTree = "<group>"; };
		CF3D62301EFD4B4F0051706A /* Assets.xcassets */ = {isa = PBXFileReference; lastKnownFileType = folder.assetcatalog; path = Assets.xcassets; sourceTree = "<group>"; };
		CF3D62331EFD4B4F0051706A /* Base */ = {isa = PBXFileReference; lastKnownFileType = file.storyboard; name = Base; path = Base.lproj/LaunchScreen.storyboard; sourceTree = "<group>"; };
		CF3D62621EFD4EBC0051706A /* NotificatioName_extension.swift */ = {isa = PBXFileReference; fileEncoding = 4; lastKnownFileType = sourcecode.swift; path = NotificatioName_extension.swift; sourceTree = "<group>"; };
		CF3D62651EFD501B0051706A /* UIViewAnimationExtension.swift */ = {isa = PBXFileReference; fileEncoding = 4; lastKnownFileType = sourcecode.swift; path = UIViewAnimationExtension.swift; sourceTree = "<group>"; };
		CF3D62681EFD510F0051706A /* de */ = {isa = PBXFileReference; lastKnownFileType = text.plist.strings; name = de; path = de.lproj/Main.strings; sourceTree = "<group>"; };
		CF3D62691EFD510F0051706A /* de */ = {isa = PBXFileReference; lastKnownFileType = text.plist.strings; name = de; path = de.lproj/LaunchScreen.strings; sourceTree = "<group>"; };
		CF3D62731EFD65610051706A /* en */ = {isa = PBXFileReference; lastKnownFileType = text.plist.strings; name = en; path = en.lproj/Localizable.strings; sourceTree = "<group>"; };
		CF3D62751EFD672B0051706A /* SonsieOne-Regular.ttf */ = {isa = PBXFileReference; lastKnownFileType = file; path = "SonsieOne-Regular.ttf"; sourceTree = "<group>"; };
		CF3D62781EFD67680051706A /* OpenSans-Regular.ttf */ = {isa = PBXFileReference; lastKnownFileType = file; path = "OpenSans-Regular.ttf"; sourceTree = "<group>"; };
		CF3D627B1EFD72540051706A /* Lobster-Regular.ttf */ = {isa = PBXFileReference; lastKnownFileType = file; path = "Lobster-Regular.ttf"; sourceTree = "<group>"; };
		CF3D627E1EFD72C30051706A /* MarckScript-Regular.ttf */ = {isa = PBXFileReference; lastKnownFileType = file; path = "MarckScript-Regular.ttf"; sourceTree = "<group>"; };
		CF3D62821EFD76C20051706A /* en */ = {isa = PBXFileReference; lastKnownFileType = text.plist.strings; name = en; path = en.lproj/Main.strings; sourceTree = "<group>"; };
		CF3D62831EFD77050051706A /* LocalizationStringsUIView_extension.swift */ = {isa = PBXFileReference; fileEncoding = 4; lastKnownFileType = sourcecode.swift; path = LocalizationStringsUIView_extension.swift; sourceTree = "<group>"; };
		CF3E97021F01698F001C1C9B /* ProductCards.swift */ = {isa = PBXFileReference; fileEncoding = 4; lastKnownFileType = sourcecode.swift; path = ProductCards.swift; sourceTree = "<group>"; };
		CF4766AA1F1002D70045F22B /* NewsController.swift */ = {isa = PBXFileReference; fileEncoding = 4; lastKnownFileType = sourcecode.swift; path = NewsController.swift; sourceTree = "<group>"; };
		CF4766AC1F1002FA0045F22B /* NewsControllerTests.swift */ = {isa = PBXFileReference; fileEncoding = 4; lastKnownFileType = sourcecode.swift; path = NewsControllerTests.swift; sourceTree = "<group>"; };
		CF477B9C1F0FEE2F00DA1EE1 /* GrabItOrItsGoneTests.xctest */ = {isa = PBXFileReference; explicitFileType = wrapper.cfbundle; includeInIndex = 0; path = GrabItOrItsGoneTests.xctest; sourceTree = BUILT_PRODUCTS_DIR; };
		CF477BA01F0FEE2F00DA1EE1 /* Info.plist */ = {isa = PBXFileReference; lastKnownFileType = text.plist.xml; path = Info.plist; sourceTree = "<group>"; };
		CF477BA61F0FEEEA00DA1EE1 /* LocalisationStringsTests.swift */ = {isa = PBXFileReference; fileEncoding = 4; lastKnownFileType = sourcecode.swift; path = LocalisationStringsTests.swift; sourceTree = "<group>"; };
		CF477BB51F0FF05600DA1EE1 /* YourAccountControllerTests.swift */ = {isa = PBXFileReference; fileEncoding = 4; lastKnownFileType = sourcecode.swift; path = YourAccountControllerTests.swift; sourceTree = "<group>"; };
		CF477BB71F0FF08800DA1EE1 /* LogInSignUpControllerTests.swift */ = {isa = PBXFileReference; fileEncoding = 4; lastKnownFileType = sourcecode.swift; path = LogInSignUpControllerTests.swift; sourceTree = "<group>"; };
		CF477BB91F0FF0C300DA1EE1 /* MainControllerTests.swift */ = {isa = PBXFileReference; fileEncoding = 4; lastKnownFileType = sourcecode.swift; path = MainControllerTests.swift; sourceTree = "<group>"; };
		CF477BBF1F0FF14800DA1EE1 /* GrabItOrItsGoneUITests.xctest */ = {isa = PBXFileReference; explicitFileType = wrapper.cfbundle; includeInIndex = 0; path = GrabItOrItsGoneUITests.xctest; sourceTree = BUILT_PRODUCTS_DIR; };
		CF477BC11F0FF14800DA1EE1 /* GrabItOrItsGoneUITests.swift */ = {isa = PBXFileReference; lastKnownFileType = sourcecode.swift; path = GrabItOrItsGoneUITests.swift; sourceTree = "<group>"; };
		CF477BC31F0FF14800DA1EE1 /* Info.plist */ = {isa = PBXFileReference; lastKnownFileType = text.plist.xml; path = Info.plist; sourceTree = "<group>"; };
		CF4B64751EFE4CD400C2FBD3 /* DesignableTextfield.swift */ = {isa = PBXFileReference; fileEncoding = 4; lastKnownFileType = sourcecode.swift; path = DesignableTextfield.swift; sourceTree = "<group>"; };
		CF4B64781EFE4CE800C2FBD3 /* DesingableUIView.swift */ = {isa = PBXFileReference; fileEncoding = 4; lastKnownFileType = sourcecode.swift; path = DesingableUIView.swift; sourceTree = "<group>"; };
		CF4B647B1EFE523F00C2FBD3 /* DesignableUIEffectView.swift */ = {isa = PBXFileReference; fileEncoding = 4; lastKnownFileType = sourcecode.swift; path = DesignableUIEffectView.swift; sourceTree = "<group>"; };
		CF4B647E1EFE60B800C2FBD3 /* DesignableButton.swift */ = {isa = PBXFileReference; fileEncoding = 4; lastKnownFileType = sourcecode.swift; path = DesignableButton.swift; sourceTree = "<group>"; };
		CF6C79241F0FB9E200A681F4 /* GoogleService-Info.plist */ = {isa = PBXFileReference; fileEncoding = 4; lastKnownFileType = text.plist.xml; path = "GoogleService-Info.plist"; sourceTree = "<group>"; };
		CF6C79261F0FBA2A00A681F4 /* Info.plist */ = {isa = PBXFileReference; fileEncoding = 4; lastKnownFileType = text.plist.xml; path = Info.plist; sourceTree = "<group>"; };
		CF87467C1F0EB60600855607 /* GrabItOrItsGone.entitlements */ = {isa = PBXFileReference; lastKnownFileType = text.plist.entitlements; name = GrabItOrItsGone.entitlements; path = ../GrabItOrItsGone.entitlements; sourceTree = "<group>"; };
		CFAE1D071F122F4F00165E9D /* Default-568h@2x.png */ = {isa = PBXFileReference; lastKnownFileType = image.png; path = "Default-568h@2x.png"; sourceTree = "<group>"; };
		CFAE1D0A1F1268EA00165E9D /* Model.xcdatamodel */ = {isa = PBXFileReference; lastKnownFileType = wrapper.xcdatamodel; path = Model.xcdatamodel; sourceTree = "<group>"; };
		CFAE1D491F126C0300165E9D /* News.swift */ = {isa = PBXFileReference; fileEncoding = 4; lastKnownFileType = sourcecode.swift; path = News.swift; sourceTree = "<group>"; };
		CFAE1D4E1F127C1100165E9D /* Adress.swift */ = {isa = PBXFileReference; fileEncoding = 4; lastKnownFileType = sourcecode.swift; path = Adress.swift; sourceTree = "<group>"; };
		CFAE1D511F12804700165E9D /* PasswordValidationTests.swift */ = {isa = PBXFileReference; fileEncoding = 4; lastKnownFileType = sourcecode.swift; path = PasswordValidationTests.swift; sourceTree = "<group>"; };
		CFB0D37E1F0AA708000706E7 /* IAlertMessageDelegate.swift */ = {isa = PBXFileReference; fileEncoding = 4; lastKnownFileType = sourcecode.swift; path = IAlertMessageDelegate.swift; sourceTree = "<group>"; };
		CFB0D3861F0ABA51000706E7 /* LocalizedStringExtension.swift */ = {isa = PBXFileReference; fileEncoding = 4; lastKnownFileType = sourcecode.swift; path = LocalizedStringExtension.swift; sourceTree = "<group>"; };
		CFB2328C1F07C28D00346879 /* GrabItFacade.swift */ = {isa = PBXFileReference; fileEncoding = 4; lastKnownFileType = sourcecode.swift; path = GrabItFacade.swift; sourceTree = "<group>"; };
		CFB2328F1F07C2D700346879 /* IAuthenticable.swift */ = {isa = PBXFileReference; fileEncoding = 4; lastKnownFileType = sourcecode.swift; path = IAuthenticable.swift; sourceTree = "<group>"; };
		CFB232931F07C41E00346879 /* FirebaseClient.swift */ = {isa = PBXFileReference; fileEncoding = 4; lastKnownFileType = sourcecode.swift; path = FirebaseClient.swift; sourceTree = "<group>"; };
		CFB2329F1F07D4F900346879 /* IAlertMessage.swift */ = {isa = PBXFileReference; fileEncoding = 4; lastKnownFileType = sourcecode.swift; path = IAlertMessage.swift; sourceTree = "<group>"; };
		CFB232AA1F0804B300346879 /* EmailValidationService.swift */ = {isa = PBXFileReference; fileEncoding = 4; lastKnownFileType = sourcecode.swift; path = EmailValidationService.swift; sourceTree = "<group>"; };
		CFB232B01F080B8900346879 /* PasswordValidationService.swift */ = {isa = PBXFileReference; fileEncoding = 4; lastKnownFileType = sourcecode.swift; path = PasswordValidationService.swift; sourceTree = "<group>"; };
		CFB9D59B1F0E99CF0049777D /* YourAccountController.swift */ = {isa = PBXFileReference; fileEncoding = 4; lastKnownFileType = sourcecode.swift; path = YourAccountController.swift; sourceTree = "<group>"; };
		CFCBC3CC1EFFDBC4003B2E60 /* UIStyleHelper.swift */ = {isa = PBXFileReference; fileEncoding = 4; lastKnownFileType = sourcecode.swift; path = UIStyleHelper.swift; sourceTree = "<group>"; };
		CFCBC3CE1EFFF8C7003B2E60 /* MainController.swift */ = {isa = PBXFileReference; fileEncoding = 4; lastKnownFileType = sourcecode.swift; path = MainController.swift; sourceTree = "<group>"; };
		CFCBFE5E1F12C73E002F9E1C /* ManageAdressController.swift */ = {isa = PBXFileReference; fileEncoding = 4; lastKnownFileType = sourcecode.swift; path = ManageAdressController.swift; sourceTree = "<group>"; };
		CFF173B91F10DDB500BA4F9B /* IFirebaseDataDelegate.swift */ = {isa = PBXFileReference; fileEncoding = 4; lastKnownFileType = sourcecode.swift; path = IFirebaseDataDelegate.swift; sourceTree = "<group>"; };
		CFF173BD1F10EC0200BA4F9B /* NewsTableViewCell.swift */ = {isa = PBXFileReference; fileEncoding = 4; lastKnownFileType = sourcecode.swift; path = NewsTableViewCell.swift; sourceTree = "<group>"; };
		CFF6E02A1F0D89CC00664B35 /* de */ = {isa = PBXFileReference; lastKnownFileType = text.plist.strings; name = de; path = de.lproj/Localizable.strings; sourceTree = "<group>"; };
		D15A09F65E756D61A098E205 /* Pods_GrabItOrItsGone.framework */ = {isa = PBXFileReference; explicitFileType = wrapper.framework; includeInIndex = 0; path = Pods_GrabItOrItsGone.framework; sourceTree = BUILT_PRODUCTS_DIR; };
/* End PBXFileReference section */

/* Begin PBXFrameworksBuildPhase section */
		CF3D62231EFD4B4F0051706A /* Frameworks */ = {
			isa = PBXFrameworksBuildPhase;
			buildActionMask = 2147483647;
			files = (
				9281BF0A3991895CCF2834BE /* Pods_GrabItOrItsGone.framework in Frameworks */,
			);
			runOnlyForDeploymentPostprocessing = 0;
		};
		CF477B991F0FEE2F00DA1EE1 /* Frameworks */ = {
			isa = PBXFrameworksBuildPhase;
			buildActionMask = 2147483647;
			files = (
				2CC4E58505059283F2553C2C /* Pods_GrabItOrItsGoneTests.framework in Frameworks */,
			);
			runOnlyForDeploymentPostprocessing = 0;
		};
		CF477BBC1F0FF14800DA1EE1 /* Frameworks */ = {
			isa = PBXFrameworksBuildPhase;
			buildActionMask = 2147483647;
			files = (
				6739BF7A82D0592EEF004F16 /* Pods_GrabItOrItsGoneUITests.framework in Frameworks */,
			);
			runOnlyForDeploymentPostprocessing = 0;
		};
/* End PBXFrameworksBuildPhase section */

/* Begin PBXGroup section */
		7B79DB3CFC88BE779A0477DD /* Pods */ = {
			isa = PBXGroup;
			children = (
				8AFFFFBC28215CC47289D0F0 /* Pods-GrabItOrItsGone.debug.xcconfig */,
				3501B0D3785601D031341327 /* Pods-GrabItOrItsGone.release.xcconfig */,
				3925CF7A7C6DF3FBF18B5AD6 /* Pods-GrabItOrItsGoneTests.debug.xcconfig */,
				6F96D20007165BC51E0B35DE /* Pods-GrabItOrItsGoneTests.release.xcconfig */,
				BFEA617BF9440413FD9E2FBB /* Pods-GrabItOrItsGoneUITests.debug.xcconfig */,
				B7055A591F223F3A02D642D4 /* Pods-GrabItOrItsGoneUITests.release.xcconfig */,
			);
			name = Pods;
			sourceTree = "<group>";
		};
		CF3D621D1EFD4B4F0051706A = {
			isa = PBXGroup;
			children = (
				CFAE1D091F1268EA00165E9D /* Model.xcdatamodeld */,
				CFAE1D071F122F4F00165E9D /* Default-568h@2x.png */,
				CF3D62281EFD4B4F0051706A /* GrabItOrItsGone */,
				CF477B9D1F0FEE2F00DA1EE1 /* GrabItOrItsGoneTests */,
				CF477BC01F0FF14800DA1EE1 /* GrabItOrItsGoneUITests */,
				CF3D62271EFD4B4F0051706A /* Products */,
				7B79DB3CFC88BE779A0477DD /* Pods */,
				D9EC10993D48FD207C51F56E /* Frameworks */,
			);
			sourceTree = "<group>";
		};
		CF3D62271EFD4B4F0051706A /* Products */ = {
			isa = PBXGroup;
			children = (
				CF3D62261EFD4B4F0051706A /* GrabItOrItsGone.app */,
				CF477B9C1F0FEE2F00DA1EE1 /* GrabItOrItsGoneTests.xctest */,
				CF477BBF1F0FF14800DA1EE1 /* GrabItOrItsGoneUITests.xctest */,
			);
			name = Products;
			sourceTree = "<group>";
		};
		CF3D62281EFD4B4F0051706A /* GrabItOrItsGone */ = {
			isa = PBXGroup;
			children = (
				CF87467C1F0EB60600855607 /* GrabItOrItsGone.entitlements */,
				CF6C79261F0FBA2A00A681F4 /* Info.plist */,
				CF6C79241F0FB9E200A681F4 /* GoogleService-Info.plist */,
				CF3D62291EFD4B4F0051706A /* AppDelegate.swift */,
				CF3D62611EFD4E9C0051706A /* Helper */,
				CFB232921F07C2E100346879 /* Protocols */,
				CF3D62581EFD4C9F0051706A /* Controller */,
				CF3D625A1EFD4CDA0051706A /* Model */,
				CF3D62591EFD4CAD0051706A /* View */,
			);
			path = GrabItOrItsGone;
			sourceTree = "<group>";
		};
		CF3D62581EFD4C9F0051706A /* Controller */ = {
			isa = PBXGroup;
			children = (
				CFF173BC1F10EBCD00BA4F9B /* TablewViewCells */,
				CF3D622B1EFD4B4F0051706A /* LogInSignUpController.swift */,
				CFCBC3CE1EFFF8C7003B2E60 /* MainController.swift */,
				CFB9D59B1F0E99CF0049777D /* YourAccountController.swift */,
				CF4766AA1F1002D70045F22B /* NewsController.swift */,
				CFCBFE5E1F12C73E002F9E1C /* ManageAdressController.swift */,
			);
			name = Controller;
			sourceTree = "<group>";
		};
		CF3D62591EFD4CAD0051706A /* View */ = {
			isa = PBXGroup;
			children = (
				CF3D62741EFD67030051706A /* Fonts */,
				CF3D622D1EFD4B4F0051706A /* Main.storyboard */,
				CF3D62321EFD4B4F0051706A /* LaunchScreen.storyboard */,
				CF3D62301EFD4B4F0051706A /* Assets.xcassets */,
				CF3D62831EFD77050051706A /* LocalizationStringsUIView_extension.swift */,
				CF3D62721EFD655C0051706A /* Localizable.strings */,
			);
			name = View;
			sourceTree = "<group>";
		};
		CF3D625A1EFD4CDA0051706A /* Model */ = {
			isa = PBXGroup;
			children = (
				CFB2328C1F07C28D00346879 /* GrabItFacade.swift */,
				CFB232931F07C41E00346879 /* FirebaseClient.swift */,
				CF3E97021F01698F001C1C9B /* ProductCards.swift */,
				CFB232B01F080B8900346879 /* PasswordValidationService.swift */,
				CFB232AA1F0804B300346879 /* EmailValidationService.swift */,
				CFAE1D491F126C0300165E9D /* News.swift */,
				CFAE1D4E1F127C1100165E9D /* Adress.swift */,
			);
			name = Model;
			sourceTree = "<group>";
		};
		CF3D62611EFD4E9C0051706A /* Helper */ = {
			isa = PBXGroup;
			children = (
				CF3D62621EFD4EBC0051706A /* NotificatioName_extension.swift */,
				CF3D62651EFD501B0051706A /* UIViewAnimationExtension.swift */,
				CF4B64751EFE4CD400C2FBD3 /* DesignableTextfield.swift */,
				CF4B64781EFE4CE800C2FBD3 /* DesingableUIView.swift */,
				CF4B647B1EFE523F00C2FBD3 /* DesignableUIEffectView.swift */,
				CF4B647E1EFE60B800C2FBD3 /* DesignableButton.swift */,
				CFCBC3CC1EFFDBC4003B2E60 /* UIStyleHelper.swift */,
				CFB0D3861F0ABA51000706E7 /* LocalizedStringExtension.swift */,
			);
			name = Helper;
			sourceTree = "<group>";
		};
		CF3D62741EFD67030051706A /* Fonts */ = {
			isa = PBXGroup;
			children = (
				CF3D627E1EFD72C30051706A /* MarckScript-Regular.ttf */,
				CF3D627B1EFD72540051706A /* Lobster-Regular.ttf */,
				CF3D62751EFD672B0051706A /* SonsieOne-Regular.ttf */,
				CF3D62781EFD67680051706A /* OpenSans-Regular.ttf */,
			);
			name = Fonts;
			sourceTree = "<group>";
		};
		CF477B9D1F0FEE2F00DA1EE1 /* GrabItOrItsGoneTests */ = {
			isa = PBXGroup;
			children = (
				CF477BA01F0FEE2F00DA1EE1 /* Info.plist */,
				CF477BA61F0FEEEA00DA1EE1 /* LocalisationStringsTests.swift */,
				CF477BB71F0FF08800DA1EE1 /* LogInSignUpControllerTests.swift */,
				CF477BB91F0FF0C300DA1EE1 /* MainControllerTests.swift */,
				CF477BB51F0FF05600DA1EE1 /* YourAccountControllerTests.swift */,
				CF4766AC1F1002FA0045F22B /* NewsControllerTests.swift */,
				CFAE1D511F12804700165E9D /* PasswordValidationTests.swift */,
			);
			path = GrabItOrItsGoneTests;
			sourceTree = "<group>";
		};
		CF477BC01F0FF14800DA1EE1 /* GrabItOrItsGoneUITests */ = {
			isa = PBXGroup;
			children = (
				CF477BC11F0FF14800DA1EE1 /* GrabItOrItsGoneUITests.swift */,
				CF477BC31F0FF14800DA1EE1 /* Info.plist */,
			);
			path = GrabItOrItsGoneUITests;
			sourceTree = "<group>";
		};
		CFB232921F07C2E100346879 /* Protocols */ = {
			isa = PBXGroup;
			children = (
				CFB2328F1F07C2D700346879 /* IAuthenticable.swift */,
				CF034FEB1F08DB0B00D8F03D /* IActivityAnimationDelegate.swift */,
				CFB2329F1F07D4F900346879 /* IAlertMessage.swift */,
				CFB0D37E1F0AA708000706E7 /* IAlertMessageDelegate.swift */,
				CF034FF71F08FF8000D8F03D /* IValidateable.swift */,
				CFF173B91F10DDB500BA4F9B /* IFirebaseDataDelegate.swift */,
			);
			name = Protocols;
			sourceTree = "<group>";
		};
		CFF173BC1F10EBCD00BA4F9B /* TablewViewCells */ = {
			isa = PBXGroup;
			children = (
				CFF173BD1F10EC0200BA4F9B /* NewsTableViewCell.swift */,
			);
			name = TablewViewCells;
			sourceTree = "<group>";
		};
		D9EC10993D48FD207C51F56E /* Frameworks */ = {
			isa = PBXGroup;
			children = (
				D15A09F65E756D61A098E205 /* Pods_GrabItOrItsGone.framework */,
				77078DE18944AEEBCDCBB2A5 /* Pods_GrabItOrItsGoneTests.framework */,
				72D611C5C58697CA1FEC5C3B /* Pods_GrabItOrItsGoneUITests.framework */,
			);
			name = Frameworks;
			sourceTree = "<group>";
		};
/* End PBXGroup section */

/* Begin PBXNativeTarget section */
		CF3D62251EFD4B4F0051706A /* GrabItOrItsGone */ = {
			isa = PBXNativeTarget;
			buildConfigurationList = CF3D624E1EFD4B4F0051706A /* Build configuration list for PBXNativeTarget "GrabItOrItsGone" */;
			buildPhases = (
				2B3074A8632F12B96267CBE7 /* [CP] Check Pods Manifest.lock */,
				CF3D62221EFD4B4F0051706A /* Sources */,
				CF3D62231EFD4B4F0051706A /* Frameworks */,
				CF3D62241EFD4B4F0051706A /* Resources */,
				DD2AD4F40D4FB50286BD0236 /* [CP] Embed Pods Frameworks */,
				7A108E4D63C90D2E232ADF65 /* [CP] Copy Pods Resources */,
			);
			buildRules = (
			);
			dependencies = (
			);
			name = GrabItOrItsGone;
			productName = GrabIt;
			productReference = CF3D62261EFD4B4F0051706A /* GrabItOrItsGone.app */;
			productType = "com.apple.product-type.application";
		};
		CF477B9B1F0FEE2F00DA1EE1 /* GrabItOrItsGoneTests */ = {
			isa = PBXNativeTarget;
			buildConfigurationList = CF477BA31F0FEE2F00DA1EE1 /* Build configuration list for PBXNativeTarget "GrabItOrItsGoneTests" */;
			buildPhases = (
				B685C2B3F32FC9380CCDD8AD /* [CP] Check Pods Manifest.lock */,
				CF477B981F0FEE2F00DA1EE1 /* Sources */,
				CF477B991F0FEE2F00DA1EE1 /* Frameworks */,
				CF477B9A1F0FEE2F00DA1EE1 /* Resources */,
				A2276FD29153EB57D3D4A456 /* [CP] Embed Pods Frameworks */,
				D9AC80E4D310FC5F88DC46E5 /* [CP] Copy Pods Resources */,
			);
			buildRules = (
			);
			dependencies = (
				CF477BA21F0FEE2F00DA1EE1 /* PBXTargetDependency */,
			);
			name = GrabItOrItsGoneTests;
			productName = GrabItOrItsGoneTests;
			productReference = CF477B9C1F0FEE2F00DA1EE1 /* GrabItOrItsGoneTests.xctest */;
			productType = "com.apple.product-type.bundle.unit-test";
		};
		CF477BBE1F0FF14800DA1EE1 /* GrabItOrItsGoneUITests */ = {
			isa = PBXNativeTarget;
			buildConfigurationList = CF477BC61F0FF14800DA1EE1 /* Build configuration list for PBXNativeTarget "GrabItOrItsGoneUITests" */;
			buildPhases = (
				36EA2C532E6F2104B8C9D37E /* [CP] Check Pods Manifest.lock */,
				CF477BBB1F0FF14800DA1EE1 /* Sources */,
				CF477BBC1F0FF14800DA1EE1 /* Frameworks */,
				CF477BBD1F0FF14800DA1EE1 /* Resources */,
				EB0FD5AB7FBEB661B7522E41 /* [CP] Embed Pods Frameworks */,
				6212CA81F6343820DEA93F90 /* [CP] Copy Pods Resources */,
			);
			buildRules = (
			);
			dependencies = (
				CF477BC51F0FF14800DA1EE1 /* PBXTargetDependency */,
			);
			name = GrabItOrItsGoneUITests;
			productName = GrabItOrItsGoneUITests;
			productReference = CF477BBF1F0FF14800DA1EE1 /* GrabItOrItsGoneUITests.xctest */;
			productType = "com.apple.product-type.bundle.ui-testing";
		};
/* End PBXNativeTarget section */

/* Begin PBXProject section */
		CF3D621E1EFD4B4F0051706A /* Project object */ = {
			isa = PBXProject;
			attributes = {
				LastSwiftUpdateCheck = 0830;
				LastUpgradeCheck = 0830;
				ORGANIZATIONNAME = "Peter Sypek";
				TargetAttributes = {
					CF3D62251EFD4B4F0051706A = {
						CreatedOnToolsVersion = 8.3.3;
						DevelopmentTeam = 9QCPT3JHZE;
						ProvisioningStyle = Automatic;
						SystemCapabilities = {
							com.apple.ApplePay = {
								enabled = 1;
							};
							com.apple.BackgroundModes = {
								enabled = 1;
							};
							com.apple.Push = {
								enabled = 1;
							};
						};
					};
					CF477B9B1F0FEE2F00DA1EE1 = {
						CreatedOnToolsVersion = 8.3.3;
						LastSwiftMigration = 0830;
						ProvisioningStyle = Automatic;
						TestTargetID = CF3D62251EFD4B4F0051706A;
					};
					CF477BBE1F0FF14800DA1EE1 = {
						CreatedOnToolsVersion = 8.3.3;
						ProvisioningStyle = Automatic;
						TestTargetID = CF3D62251EFD4B4F0051706A;
					};
				};
			};
			buildConfigurationList = CF3D62211EFD4B4F0051706A /* Build configuration list for PBXProject "GrabItOrItsGone" */;
			compatibilityVersion = "Xcode 8.0";
			developmentRegion = English;
			hasScannedForEncodings = 0;
			knownRegions = (
				en,
				Base,
				de,
			);
			mainGroup = CF3D621D1EFD4B4F0051706A;
			productRefGroup = CF3D62271EFD4B4F0051706A /* Products */;
			projectDirPath = "";
			projectRoot = "";
			targets = (
				CF3D62251EFD4B4F0051706A /* GrabItOrItsGone */,
				CF477B9B1F0FEE2F00DA1EE1 /* GrabItOrItsGoneTests */,
				CF477BBE1F0FF14800DA1EE1 /* GrabItOrItsGoneUITests */,
			);
		};
/* End PBXProject section */

/* Begin PBXResourcesBuildPhase section */
		CF3D62241EFD4B4F0051706A /* Resources */ = {
			isa = PBXResourcesBuildPhase;
			buildActionMask = 2147483647;
			files = (
				CF3D627C1EFD72540051706A /* Lobster-Regular.ttf in Resources */,
				CFAE1D081F122F4F00165E9D /* Default-568h@2x.png in Resources */,
				CF3D62761EFD672B0051706A /* SonsieOne-Regular.ttf in Resources */,
				CF3D626F1EFD655C0051706A /* Localizable.strings in Resources */,
				CF3D62791EFD67680051706A /* OpenSans-Regular.ttf in Resources */,
				CF3D627F1EFD72C30051706A /* MarckScript-Regular.ttf in Resources */,
				CF3D62341EFD4B4F0051706A /* LaunchScreen.storyboard in Resources */,
				CF3D62311EFD4B4F0051706A /* Assets.xcassets in Resources */,
				CF6C79251F0FB9E200A681F4 /* GoogleService-Info.plist in Resources */,
				CF3D622F1EFD4B4F0051706A /* Main.storyboard in Resources */,
			);
			runOnlyForDeploymentPostprocessing = 0;
		};
		CF477B9A1F0FEE2F00DA1EE1 /* Resources */ = {
			isa = PBXResourcesBuildPhase;
			buildActionMask = 2147483647;
			files = (
			);
			runOnlyForDeploymentPostprocessing = 0;
		};
		CF477BBD1F0FF14800DA1EE1 /* Resources */ = {
			isa = PBXResourcesBuildPhase;
			buildActionMask = 2147483647;
			files = (
			);
			runOnlyForDeploymentPostprocessing = 0;
		};
/* End PBXResourcesBuildPhase section */

/* Begin PBXShellScriptBuildPhase section */
		2B3074A8632F12B96267CBE7 /* [CP] Check Pods Manifest.lock */ = {
			isa = PBXShellScriptBuildPhase;
			buildActionMask = 2147483647;
			files = (
			);
			inputPaths = (
			);
			name = "[CP] Check Pods Manifest.lock";
			outputPaths = (
			);
			runOnlyForDeploymentPostprocessing = 0;
			shellPath = /bin/sh;
			shellScript = "diff \"${PODS_ROOT}/../Podfile.lock\" \"${PODS_ROOT}/Manifest.lock\" > /dev/null\nif [ $? != 0 ] ; then\n    # print error to STDERR\n    echo \"error: The sandbox is not in sync with the Podfile.lock. Run 'pod install' or update your CocoaPods installation.\" >&2\n    exit 1\nfi\n";
			showEnvVarsInLog = 0;
		};
		36EA2C532E6F2104B8C9D37E /* [CP] Check Pods Manifest.lock */ = {
			isa = PBXShellScriptBuildPhase;
			buildActionMask = 2147483647;
			files = (
			);
			inputPaths = (
			);
			name = "[CP] Check Pods Manifest.lock";
			outputPaths = (
			);
			runOnlyForDeploymentPostprocessing = 0;
			shellPath = /bin/sh;
			shellScript = "diff \"${PODS_ROOT}/../Podfile.lock\" \"${PODS_ROOT}/Manifest.lock\" > /dev/null\nif [ $? != 0 ] ; then\n    # print error to STDERR\n    echo \"error: The sandbox is not in sync with the Podfile.lock. Run 'pod install' or update your CocoaPods installation.\" >&2\n    exit 1\nfi\n";
			showEnvVarsInLog = 0;
		};
		6212CA81F6343820DEA93F90 /* [CP] Copy Pods Resources */ = {
			isa = PBXShellScriptBuildPhase;
			buildActionMask = 2147483647;
			files = (
			);
			inputPaths = (
			);
			name = "[CP] Copy Pods Resources";
			outputPaths = (
			);
			runOnlyForDeploymentPostprocessing = 0;
			shellPath = /bin/sh;
			shellScript = "\"${SRCROOT}/Pods/Target Support Files/Pods-GrabItOrItsGoneUITests/Pods-GrabItOrItsGoneUITests-resources.sh\"\n";
			showEnvVarsInLog = 0;
		};
		7A108E4D63C90D2E232ADF65 /* [CP] Copy Pods Resources */ = {
			isa = PBXShellScriptBuildPhase;
			buildActionMask = 2147483647;
			files = (
			);
			inputPaths = (
			);
			name = "[CP] Copy Pods Resources";
			outputPaths = (
			);
			runOnlyForDeploymentPostprocessing = 0;
			shellPath = /bin/sh;
			shellScript = "\"${SRCROOT}/Pods/Target Support Files/Pods-GrabItOrItsGone/Pods-GrabItOrItsGone-resources.sh\"\n";
			showEnvVarsInLog = 0;
		};
		A2276FD29153EB57D3D4A456 /* [CP] Embed Pods Frameworks */ = {
			isa = PBXShellScriptBuildPhase;
			buildActionMask = 2147483647;
			files = (
			);
			inputPaths = (
			);
			name = "[CP] Embed Pods Frameworks";
			outputPaths = (
			);
			runOnlyForDeploymentPostprocessing = 0;
			shellPath = /bin/sh;
			shellScript = "\"${SRCROOT}/Pods/Target Support Files/Pods-GrabItOrItsGoneTests/Pods-GrabItOrItsGoneTests-frameworks.sh\"\n";
			showEnvVarsInLog = 0;
		};
		B685C2B3F32FC9380CCDD8AD /* [CP] Check Pods Manifest.lock */ = {
			isa = PBXShellScriptBuildPhase;
			buildActionMask = 2147483647;
			files = (
			);
			inputPaths = (
			);
			name = "[CP] Check Pods Manifest.lock";
			outputPaths = (
			);
			runOnlyForDeploymentPostprocessing = 0;
			shellPath = /bin/sh;
			shellScript = "diff \"${PODS_ROOT}/../Podfile.lock\" \"${PODS_ROOT}/Manifest.lock\" > /dev/null\nif [ $? != 0 ] ; then\n    # print error to STDERR\n    echo \"error: The sandbox is not in sync with the Podfile.lock. Run 'pod install' or update your CocoaPods installation.\" >&2\n    exit 1\nfi\n";
			showEnvVarsInLog = 0;
		};
		D9AC80E4D310FC5F88DC46E5 /* [CP] Copy Pods Resources */ = {
			isa = PBXShellScriptBuildPhase;
			buildActionMask = 2147483647;
			files = (
			);
			inputPaths = (
			);
			name = "[CP] Copy Pods Resources";
			outputPaths = (
			);
			runOnlyForDeploymentPostprocessing = 0;
			shellPath = /bin/sh;
			shellScript = "\"${SRCROOT}/Pods/Target Support Files/Pods-GrabItOrItsGoneTests/Pods-GrabItOrItsGoneTests-resources.sh\"\n";
			showEnvVarsInLog = 0;
		};
		DD2AD4F40D4FB50286BD0236 /* [CP] Embed Pods Frameworks */ = {
			isa = PBXShellScriptBuildPhase;
			buildActionMask = 2147483647;
			files = (
			);
			inputPaths = (
			);
			name = "[CP] Embed Pods Frameworks";
			outputPaths = (
			);
			runOnlyForDeploymentPostprocessing = 0;
			shellPath = /bin/sh;
			shellScript = "\"${SRCROOT}/Pods/Target Support Files/Pods-GrabItOrItsGone/Pods-GrabItOrItsGone-frameworks.sh\"\n";
			showEnvVarsInLog = 0;
		};
		EB0FD5AB7FBEB661B7522E41 /* [CP] Embed Pods Frameworks */ = {
			isa = PBXShellScriptBuildPhase;
			buildActionMask = 2147483647;
			files = (
			);
			inputPaths = (
			);
			name = "[CP] Embed Pods Frameworks";
			outputPaths = (
			);
			runOnlyForDeploymentPostprocessing = 0;
			shellPath = /bin/sh;
			shellScript = "\"${SRCROOT}/Pods/Target Support Files/Pods-GrabItOrItsGoneUITests/Pods-GrabItOrItsGoneUITests-frameworks.sh\"\n";
			showEnvVarsInLog = 0;
		};
/* End PBXShellScriptBuildPhase section */

/* Begin PBXSourcesBuildPhase section */
		CF3D62221EFD4B4F0051706A /* Sources */ = {
			isa = PBXSourcesBuildPhase;
			buildActionMask = 2147483647;
			files = (
				CF4766AB1F1002D70045F22B /* NewsController.swift in Sources */,
				CF4B64791EFE4CE800C2FBD3 /* DesingableUIView.swift in Sources */,
				CFB0D37F1F0AA708000706E7 /* IAlertMessageDelegate.swift in Sources */,
				CFB232A01F07D4F900346879 /* IAlertMessage.swift in Sources */,
				CFF173BE1F10EC0200BA4F9B /* NewsTableViewCell.swift in Sources */,
				CFB232AB1F0804B300346879 /* EmailValidationService.swift in Sources */,
				CF3D62631EFD4EBC0051706A /* NotificatioName_extension.swift in Sources */,
				CF3D62841EFD77050051706A /* LocalizationStringsUIView_extension.swift in Sources */,
				CFCBFE5F1F12C73E002F9E1C /* ManageAdressController.swift in Sources */,
				CF034FEC1F08DB0B00D8F03D /* IActivityAnimationDelegate.swift in Sources */,
				CFB9D59C1F0E99CF0049777D /* YourAccountController.swift in Sources */,
				CF4B647F1EFE60B800C2FBD3 /* DesignableButton.swift in Sources */,
				CF4B64761EFE4CD400C2FBD3 /* DesignableTextfield.swift in Sources */,
				CFB232B11F080B8900346879 /* PasswordValidationService.swift in Sources */,
				CFB2328D1F07C28D00346879 /* GrabItFacade.swift in Sources */,
				CF4B647C1EFE523F00C2FBD3 /* DesignableUIEffectView.swift in Sources */,
				CF3E97031F01698F001C1C9B /* ProductCards.swift in Sources */,
				CF3D622C1EFD4B4F0051706A /* LogInSignUpController.swift in Sources */,
				CF034FF81F08FF8000D8F03D /* IValidateable.swift in Sources */,
				CFAE1D4F1F127C1100165E9D /* Adress.swift in Sources */,
				CF3D622A1EFD4B4F0051706A /* AppDelegate.swift in Sources */,
				CFF173BA1F10DDB500BA4F9B /* IFirebaseDataDelegate.swift in Sources */,
				CFAE1D4A1F126C0300165E9D /* News.swift in Sources */,
				CFB232941F07C41E00346879 /* FirebaseClient.swift in Sources */,
				CFCBC3CD1EFFDBC4003B2E60 /* UIStyleHelper.swift in Sources */,
				CFCBC3CF1EFFF8C7003B2E60 /* MainController.swift in Sources */,
				CF3D62661EFD501B0051706A /* UIViewAnimationExtension.swift in Sources */,
				CFB0D3871F0ABA51000706E7 /* LocalizedStringExtension.swift in Sources */,
				CFAE1D0B1F1268EA00165E9D /* Model.xcdatamodeld in Sources */,
				CFB232901F07C2D700346879 /* IAuthenticable.swift in Sources */,
			);
			runOnlyForDeploymentPostprocessing = 0;
		};
		CF477B981F0FEE2F00DA1EE1 /* Sources */ = {
			isa = PBXSourcesBuildPhase;
			buildActionMask = 2147483647;
			files = (
				CF477BA81F0FEF6400DA1EE1 /* NotificatioName_extension.swift in Sources */,
				CF477BB11F0FEF6900DA1EE1 /* IActivityAnimationDelegate.swift in Sources */,
				CFF173BF1F10EC0200BA4F9B /* NewsTableViewCell.swift in Sources */,
				CFAE1D521F12804700165E9D /* PasswordValidationTests.swift in Sources */,
				CF477BB81F0FF08800DA1EE1 /* LogInSignUpControllerTests.swift in Sources */,
				CF477BA71F0FEEEA00DA1EE1 /* LocalisationStringsTests.swift in Sources */,
				CF477BB31F0FEF6900DA1EE1 /* IAlertMessageDelegate.swift in Sources */,
				CF477BAD1F0FEF6400DA1EE1 /* DesignableButton.swift in Sources */,
				CF477BB21F0FEF6900DA1EE1 /* IAlertMessage.swift in Sources */,
				CF477BB01F0FEF6900DA1EE1 /* IAuthenticable.swift in Sources */,
				CF477BAF1F0FEF6400DA1EE1 /* LocalizedStringExtension.swift in Sources */,
				CF477BAB1F0FEF6400DA1EE1 /* DesingableUIView.swift in Sources */,
				CFCBFE601F12C73E002F9E1C /* ManageAdressController.swift in Sources */,
				CF477BAC1F0FEF6400DA1EE1 /* DesignableUIEffectView.swift in Sources */,
				CF477BAE1F0FEF6400DA1EE1 /* UIStyleHelper.swift in Sources */,
				CF477BB41F0FEF6900DA1EE1 /* IValidateable.swift in Sources */,
				CF477BBA1F0FF0C300DA1EE1 /* MainControllerTests.swift in Sources */,
				CF4766AD1F1002FA0045F22B /* NewsControllerTests.swift in Sources */,
				CF477BB61F0FF05600DA1EE1 /* YourAccountControllerTests.swift in Sources */,
				CFAE1D501F127C1100165E9D /* Adress.swift in Sources */,
				CF477BA91F0FEF6400DA1EE1 /* UIViewAnimationExtension.swift in Sources */,
				CF477BAA1F0FEF6400DA1EE1 /* DesignableTextfield.swift in Sources */,
				CFF173BB1F10DDB500BA4F9B /* IFirebaseDataDelegate.swift in Sources */,
			);
			runOnlyForDeploymentPostprocessing = 0;
		};
		CF477BBB1F0FF14800DA1EE1 /* Sources */ = {
			isa = PBXSourcesBuildPhase;
			buildActionMask = 2147483647;
			files = (
				CF477BC21F0FF14800DA1EE1 /* GrabItOrItsGoneUITests.swift in Sources */,
			);
			runOnlyForDeploymentPostprocessing = 0;
		};
/* End PBXSourcesBuildPhase section */

/* Begin PBXTargetDependency section */
		CF477BA21F0FEE2F00DA1EE1 /* PBXTargetDependency */ = {
			isa = PBXTargetDependency;
			target = CF3D62251EFD4B4F0051706A /* GrabItOrItsGone */;
			targetProxy = CF477BA11F0FEE2F00DA1EE1 /* PBXContainerItemProxy */;
		};
		CF477BC51F0FF14800DA1EE1 /* PBXTargetDependency */ = {
			isa = PBXTargetDependency;
			target = CF3D62251EFD4B4F0051706A /* GrabItOrItsGone */;
			targetProxy = CF477BC41F0FF14800DA1EE1 /* PBXContainerItemProxy */;
		};
/* End PBXTargetDependency section */

/* Begin PBXVariantGroup section */
		CF3D622D1EFD4B4F0051706A /* Main.storyboard */ = {
			isa = PBXVariantGroup;
			children = (
				CF3D622E1EFD4B4F0051706A /* Base */,
				CF3D62681EFD510F0051706A /* de */,
				CF3D62821EFD76C20051706A /* en */,
			);
			name = Main.storyboard;
			sourceTree = "<group>";
		};
		CF3D62321EFD4B4F0051706A /* LaunchScreen.storyboard */ = {
			isa = PBXVariantGroup;
			children = (
				CF3D62331EFD4B4F0051706A /* Base */,
				CF3D62691EFD510F0051706A /* de */,
			);
			name = LaunchScreen.storyboard;
			sourceTree = "<group>";
		};
		CF3D62721EFD655C0051706A /* Localizable.strings */ = {
			isa = PBXVariantGroup;
			children = (
				CF3D62731EFD65610051706A /* en */,
				CFF6E02A1F0D89CC00664B35 /* de */,
			);
			name = Localizable.strings;
			sourceTree = "<group>";
		};
/* End PBXVariantGroup section */

/* Begin XCBuildConfiguration section */
		CF3D624C1EFD4B4F0051706A /* Debug */ = {
			isa = XCBuildConfiguration;
			buildSettings = {
				ALWAYS_SEARCH_USER_PATHS = NO;
				CLANG_ANALYZER_LOCALIZABILITY_NONLOCALIZED = YES;
				CLANG_ANALYZER_NONNULL = YES;
				CLANG_ANALYZER_NUMBER_OBJECT_CONVERSION = YES_AGGRESSIVE;
				CLANG_CXX_LANGUAGE_STANDARD = "gnu++0x";
				CLANG_CXX_LIBRARY = "libc++";
				CLANG_ENABLE_MODULES = YES;
				CLANG_ENABLE_OBJC_ARC = YES;
				CLANG_WARN_BOOL_CONVERSION = YES;
				CLANG_WARN_CONSTANT_CONVERSION = YES;
				CLANG_WARN_DIRECT_OBJC_ISA_USAGE = YES_ERROR;
				CLANG_WARN_DOCUMENTATION_COMMENTS = YES;
				CLANG_WARN_EMPTY_BODY = YES;
				CLANG_WARN_ENUM_CONVERSION = YES;
				CLANG_WARN_INFINITE_RECURSION = YES;
				CLANG_WARN_INT_CONVERSION = YES;
				CLANG_WARN_OBJC_ROOT_CLASS = YES_ERROR;
				CLANG_WARN_SUSPICIOUS_MOVE = YES;
				CLANG_WARN_UNREACHABLE_CODE = YES;
				CLANG_WARN__DUPLICATE_METHOD_MATCH = YES;
				"CODE_SIGN_IDENTITY[sdk=iphoneos*]" = "iPhone Developer";
				COPY_PHASE_STRIP = NO;
				DEBUG_INFORMATION_FORMAT = dwarf;
				ENABLE_STRICT_OBJC_MSGSEND = YES;
				ENABLE_TESTABILITY = YES;
				GCC_C_LANGUAGE_STANDARD = gnu99;
				GCC_DYNAMIC_NO_PIC = NO;
				GCC_NO_COMMON_BLOCKS = YES;
				GCC_OPTIMIZATION_LEVEL = 0;
				GCC_PREPROCESSOR_DEFINITIONS = (
					"DEBUG=1",
					"$(inherited)",
				);
				GCC_WARN_64_TO_32_BIT_CONVERSION = YES;
				GCC_WARN_ABOUT_RETURN_TYPE = YES_ERROR;
				GCC_WARN_UNDECLARED_SELECTOR = YES;
				GCC_WARN_UNINITIALIZED_AUTOS = YES_AGGRESSIVE;
				GCC_WARN_UNUSED_FUNCTION = YES;
				GCC_WARN_UNUSED_VARIABLE = YES;
				IPHONEOS_DEPLOYMENT_TARGET = 10.3;
				MTL_ENABLE_DEBUG_INFO = YES;
				ONLY_ACTIVE_ARCH = YES;
				SDKROOT = iphoneos;
				SWIFT_ACTIVE_COMPILATION_CONDITIONS = DEBUG;
				SWIFT_OPTIMIZATION_LEVEL = "-Onone";
				TARGETED_DEVICE_FAMILY = "1,2";
			};
			name = Debug;
		};
		CF3D624D1EFD4B4F0051706A /* Release */ = {
			isa = XCBuildConfiguration;
			buildSettings = {
				ALWAYS_SEARCH_USER_PATHS = NO;
				CLANG_ANALYZER_LOCALIZABILITY_NONLOCALIZED = YES;
				CLANG_ANALYZER_NONNULL = YES;
				CLANG_ANALYZER_NUMBER_OBJECT_CONVERSION = YES_AGGRESSIVE;
				CLANG_CXX_LANGUAGE_STANDARD = "gnu++0x";
				CLANG_CXX_LIBRARY = "libc++";
				CLANG_ENABLE_MODULES = YES;
				CLANG_ENABLE_OBJC_ARC = YES;
				CLANG_WARN_BOOL_CONVERSION = YES;
				CLANG_WARN_CONSTANT_CONVERSION = YES;
				CLANG_WARN_DIRECT_OBJC_ISA_USAGE = YES_ERROR;
				CLANG_WARN_DOCUMENTATION_COMMENTS = YES;
				CLANG_WARN_EMPTY_BODY = YES;
				CLANG_WARN_ENUM_CONVERSION = YES;
				CLANG_WARN_INFINITE_RECURSION = YES;
				CLANG_WARN_INT_CONVERSION = YES;
				CLANG_WARN_OBJC_ROOT_CLASS = YES_ERROR;
				CLANG_WARN_SUSPICIOUS_MOVE = YES;
				CLANG_WARN_UNREACHABLE_CODE = YES;
				CLANG_WARN__DUPLICATE_METHOD_MATCH = YES;
				"CODE_SIGN_IDENTITY[sdk=iphoneos*]" = "iPhone Developer";
				COPY_PHASE_STRIP = NO;
				DEBUG_INFORMATION_FORMAT = "dwarf-with-dsym";
				ENABLE_NS_ASSERTIONS = NO;
				ENABLE_STRICT_OBJC_MSGSEND = YES;
				GCC_C_LANGUAGE_STANDARD = gnu99;
				GCC_NO_COMMON_BLOCKS = YES;
				GCC_WARN_64_TO_32_BIT_CONVERSION = YES;
				GCC_WARN_ABOUT_RETURN_TYPE = YES_ERROR;
				GCC_WARN_UNDECLARED_SELECTOR = YES;
				GCC_WARN_UNINITIALIZED_AUTOS = YES_AGGRESSIVE;
				GCC_WARN_UNUSED_FUNCTION = YES;
				GCC_WARN_UNUSED_VARIABLE = YES;
				IPHONEOS_DEPLOYMENT_TARGET = 10.3;
				MTL_ENABLE_DEBUG_INFO = NO;
				SDKROOT = iphoneos;
				SWIFT_OPTIMIZATION_LEVEL = "-Owholemodule";
				TARGETED_DEVICE_FAMILY = "1,2";
				VALIDATE_PRODUCT = YES;
			};
			name = Release;
		};
		CF3D624F1EFD4B4F0051706A /* Debug */ = {
			isa = XCBuildConfiguration;
			baseConfigurationReference = 8AFFFFBC28215CC47289D0F0 /* Pods-GrabItOrItsGone.debug.xcconfig */;
			buildSettings = {
				ASSETCATALOG_COMPILER_APPICON_NAME = AppIcon;
				CODE_SIGN_ENTITLEMENTS = GrabItOrItsGone.entitlements;
				DEVELOPMENT_TEAM = 9QCPT3JHZE;
				FRAMEWORK_SEARCH_PATHS = (
					"$(inherited)",
					"$(PROJECT_DIR)",
				);
				INFOPLIST_FILE = "$(SRCROOT)/GrabItOrItsGone/Info.plist";
				LD_RUNPATH_SEARCH_PATHS = "$(inherited) @executable_path/Frameworks";
				PRODUCT_BUNDLE_IDENTIFIER = petersypek.com.GrabItOrItsGone;
				PRODUCT_NAME = "$(TARGET_NAME)";
				SWIFT_VERSION = 3.0;
			};
			name = Debug;
		};
		CF3D62501EFD4B4F0051706A /* Release */ = {
			isa = XCBuildConfiguration;
			baseConfigurationReference = 3501B0D3785601D031341327 /* Pods-GrabItOrItsGone.release.xcconfig */;
			buildSettings = {
				ASSETCATALOG_COMPILER_APPICON_NAME = AppIcon;
				CODE_SIGN_ENTITLEMENTS = GrabItOrItsGone.entitlements;
				DEVELOPMENT_TEAM = 9QCPT3JHZE;
				FRAMEWORK_SEARCH_PATHS = (
					"$(inherited)",
					"$(PROJECT_DIR)",
				);
				INFOPLIST_FILE = "$(SRCROOT)/GrabItOrItsGone/Info.plist";
				LD_RUNPATH_SEARCH_PATHS = "$(inherited) @executable_path/Frameworks";
				PRODUCT_BUNDLE_IDENTIFIER = petersypek.com.GrabItOrItsGone;
				PRODUCT_NAME = "$(TARGET_NAME)";
				SWIFT_VERSION = 3.0;
			};
			name = Release;
		};
		CF477BA41F0FEE2F00DA1EE1 /* Debug */ = {
			isa = XCBuildConfiguration;
			baseConfigurationReference = 3925CF7A7C6DF3FBF18B5AD6 /* Pods-GrabItOrItsGoneTests.debug.xcconfig */;
			buildSettings = {
				BUNDLE_LOADER = "$(TEST_HOST)";
				CLANG_ENABLE_MODULES = YES;
				DEVELOPMENT_TEAM = 9QCPT3JHZE;
				INFOPLIST_FILE = GrabItOrItsGoneTests/Info.plist;
				LD_RUNPATH_SEARCH_PATHS = "$(inherited) @executable_path/Frameworks @loader_path/Frameworks";
				PRODUCT_BUNDLE_IDENTIFIER = petersypek.com.GrabItOrItsGoneTests;
				PRODUCT_NAME = "$(TARGET_NAME)";
				SWIFT_OPTIMIZATION_LEVEL = "-Onone";
				SWIFT_VERSION = 3.0;
				TEST_HOST = "$(BUILT_PRODUCTS_DIR)/GrabItOrItsGone.app/GrabItOrItsGone";
			};
			name = Debug;
		};
		CF477BA51F0FEE2F00DA1EE1 /* Release */ = {
			isa = XCBuildConfiguration;
			baseConfigurationReference = 6F96D20007165BC51E0B35DE /* Pods-GrabItOrItsGoneTests.release.xcconfig */;
			buildSettings = {
				BUNDLE_LOADER = "$(TEST_HOST)";
				CLANG_ENABLE_MODULES = YES;
				DEVELOPMENT_TEAM = 9QCPT3JHZE;
				INFOPLIST_FILE = GrabItOrItsGoneTests/Info.plist;
				LD_RUNPATH_SEARCH_PATHS = "$(inherited) @executable_path/Frameworks @loader_path/Frameworks";
				PRODUCT_BUNDLE_IDENTIFIER = petersypek.com.GrabItOrItsGoneTests;
				PRODUCT_NAME = "$(TARGET_NAME)";
				SWIFT_VERSION = 3.0;
				TEST_HOST = "$(BUILT_PRODUCTS_DIR)/GrabItOrItsGone.app/GrabItOrItsGone";
			};
			name = Release;
		};
		CF477BC71F0FF14800DA1EE1 /* Debug */ = {
			isa = XCBuildConfiguration;
			baseConfigurationReference = BFEA617BF9440413FD9E2FBB /* Pods-GrabItOrItsGoneUITests.debug.xcconfig */;
			buildSettings = {
				DEVELOPMENT_TEAM = 9QCPT3JHZE;
				INFOPLIST_FILE = GrabItOrItsGoneUITests/Info.plist;
				LD_RUNPATH_SEARCH_PATHS = "$(inherited) @executable_path/Frameworks @loader_path/Frameworks";
				PRODUCT_BUNDLE_IDENTIFIER = petersypek.com.GrabItOrItsGoneUITests;
				PRODUCT_NAME = "$(TARGET_NAME)";
				SWIFT_VERSION = 3.0;
				TEST_TARGET_NAME = GrabItOrItsGone;
			};
			name = Debug;
		};
		CF477BC81F0FF14800DA1EE1 /* Release */ = {
			isa = XCBuildConfiguration;
			baseConfigurationReference = B7055A591F223F3A02D642D4 /* Pods-GrabItOrItsGoneUITests.release.xcconfig */;
			buildSettings = {
				DEVELOPMENT_TEAM = 9QCPT3JHZE;
				INFOPLIST_FILE = GrabItOrItsGoneUITests/Info.plist;
				LD_RUNPATH_SEARCH_PATHS = "$(inherited) @executable_path/Frameworks @loader_path/Frameworks";
				PRODUCT_BUNDLE_IDENTIFIER = petersypek.com.GrabItOrItsGoneUITests;
				PRODUCT_NAME = "$(TARGET_NAME)";
				SWIFT_VERSION = 3.0;
				TEST_TARGET_NAME = GrabItOrItsGone;
			};
			name = Release;
		};
/* End XCBuildConfiguration section */

/* Begin XCConfigurationList section */
		CF3D62211EFD4B4F0051706A /* Build configuration list for PBXProject "GrabItOrItsGone" */ = {
			isa = XCConfigurationList;
			buildConfigurations = (
				CF3D624C1EFD4B4F0051706A /* Debug */,
				CF3D624D1EFD4B4F0051706A /* Release */,
			);
			defaultConfigurationIsVisible = 0;
			defaultConfigurationName = Release;
		};
		CF3D624E1EFD4B4F0051706A /* Build configuration list for PBXNativeTarget "GrabItOrItsGone" */ = {
			isa = XCConfigurationList;
			buildConfigurations = (
				CF3D624F1EFD4B4F0051706A /* Debug */,
				CF3D62501EFD4B4F0051706A /* Release */,
			);
			defaultConfigurationIsVisible = 0;
			defaultConfigurationName = Release;
		};
		CF477BA31F0FEE2F00DA1EE1 /* Build configuration list for PBXNativeTarget "GrabItOrItsGoneTests" */ = {
			isa = XCConfigurationList;
			buildConfigurations = (
				CF477BA41F0FEE2F00DA1EE1 /* Debug */,
				CF477BA51F0FEE2F00DA1EE1 /* Release */,
			);
			defaultConfigurationIsVisible = 0;
			defaultConfigurationName = Release;
		};
		CF477BC61F0FF14800DA1EE1 /* Build configuration list for PBXNativeTarget "GrabItOrItsGoneUITests" */ = {
			isa = XCConfigurationList;
			buildConfigurations = (
				CF477BC71F0FF14800DA1EE1 /* Debug */,
				CF477BC81F0FF14800DA1EE1 /* Release */,
			);
			defaultConfigurationIsVisible = 0;
			defaultConfigurationName = Release;
		};
/* End XCConfigurationList section */

/* Begin XCVersionGroup section */
		CFAE1D091F1268EA00165E9D /* Model.xcdatamodeld */ = {
			isa = XCVersionGroup;
			children = (
				CFAE1D0A1F1268EA00165E9D /* Model.xcdatamodel */,
			);
			currentVersion = CFAE1D0A1F1268EA00165E9D /* Model.xcdatamodel */;
			path = Model.xcdatamodeld;
			sourceTree = "<group>";
			versionGroupType = wrapper.xcdatamodel;
		};
/* End XCVersionGroup section */
	};
	rootObject = CF3D621E1EFD4B4F0051706A /* Project object */;
}
